
Microsoft Visual Studio Solution File, Format Version 12.00
# Visual Studio Version 16
VisualStudioVersion = 16.0.31105.61
MinimumVisualStudioVersion = 10.0.40219.1
Project("{FAE04EC0-301F-11D3-BF4B-00C04F79EFBC}") = "AutenticaJwt", "AutenticaJwt.csproj", "{5AF42313-088A-40E9-A13D-5EAEE9781F79}"
EndProject
Global
	GlobalSection(SolutionConfigurationPlatforms) = preSolution
		Debug|Any CPU = Debug|Any CPU
		Release|Any CPU = Release|Any CPU
	EndGlobalSection
	GlobalSection(ProjectConfigurationPlatforms) = postSolution
		{5AF42313-088A-40E9-A13D-5EAEE9781F79}.Debug|Any CPU.ActiveCfg = Debug|Any CPU
		{5AF42313-088A-40E9-A13D-5EAEE9781F79}.Debug|Any CPU.Build.0 = Debug|Any CPU
		{5AF42313-088A-40E9-A13D-5EAEE9781F79}.Release|Any CPU.ActiveCfg = Release|Any CPU
		{5AF42313-088A-40E9-A13D-5EAEE9781F79}.Release|Any CPU.Build.0 = Release|Any CPU
	EndGlobalSection
	GlobalSection(SolutionProperties) = preSolution
		HideSolutionNode = FALSE
	EndGlobalSection
	GlobalSection(ExtensibilityGlobals) = postSolution
		SolutionGuid = {B8EF1206-C99F-4355-8F21-93903A029FB5}
	EndGlobalSection
EndGlobal
